
Microsoft Visual Studio Solution File, Format Version 12.00
# Visual Studio Version 16
VisualStudioVersion = 16.0.32602.291
MinimumVisualStudioVersion = 10.0.40219.1
Project("{FAE04EC0-301F-11D3-BF4B-00C04F79EFBC}") = "BookStore.Api", "BookStore.Api\BookStore.Api.csproj", "{B89BBF7E-13B6-420A-B053-D370376E424B}"
EndProject
Project("{FAE04EC0-301F-11D3-BF4B-00C04F79EFBC}") = "BookStore.Models", "BookStore.Models\BookStore.Models.csproj", "{09EFDA34-B5A1-49CA-9329-95741ACFDFB3}"
EndProject
Project("{FAE04EC0-301F-11D3-BF4B-00C04F79EFBC}") = "BookStore.Repository", "BookStore.Repository\BookStore.Repository.csproj", "{9E2CFEA4-8A18-4E47-AF2D-3ECE4A95E959}"
EndProject
Global
	GlobalSection(SolutionConfigurationPlatforms) = preSolution
		Debug|Any CPU = Debug|Any CPU
		Release|Any CPU = Release|Any CPU
	EndGlobalSection
	GlobalSection(ProjectConfigurationPlatforms) = postSolution
		{B89BBF7E-13B6-420A-B053-D370376E424B}.Debug|Any CPU.ActiveCfg = Debug|Any CPU
		{B89BBF7E-13B6-420A-B053-D370376E424B}.Debug|Any CPU.Build.0 = Debug|Any CPU
		{B89BBF7E-13B6-420A-B053-D370376E424B}.Release|Any CPU.ActiveCfg = Release|Any CPU
		{B89BBF7E-13B6-420A-B053-D370376E424B}.Release|Any CPU.Build.0 = Release|Any CPU
		{09EFDA34-B5A1-49CA-9329-95741ACFDFB3}.Debug|Any CPU.ActiveCfg = Debug|Any CPU
		{09EFDA34-B5A1-49CA-9329-95741ACFDFB3}.Debug|Any CPU.Build.0 = Debug|Any CPU
		{09EFDA34-B5A1-49CA-9329-95741ACFDFB3}.Release|Any CPU.ActiveCfg = Release|Any CPU
		{09EFDA34-B5A1-49CA-9329-95741ACFDFB3}.Release|Any CPU.Build.0 = Release|Any CPU
		{9E2CFEA4-8A18-4E47-AF2D-3ECE4A95E959}.Debug|Any CPU.ActiveCfg = Debug|Any CPU
		{9E2CFEA4-8A18-4E47-AF2D-3ECE4A95E959}.Debug|Any CPU.Build.0 = Debug|Any CPU
		{9E2CFEA4-8A18-4E47-AF2D-3ECE4A95E959}.Release|Any CPU.ActiveCfg = Release|Any CPU
		{9E2CFEA4-8A18-4E47-AF2D-3ECE4A95E959}.Release|Any CPU.Build.0 = Release|Any CPU
	EndGlobalSection
	GlobalSection(SolutionProperties) = preSolution
		HideSolutionNode = FALSE
	EndGlobalSection
	GlobalSection(ExtensibilityGlobals) = postSolution
		SolutionGuid = {39B30DAD-8FF9-45FF-9B38-5835A5E05553}
	EndGlobalSection
EndGlobal
